
Microsoft Visual Studio Solution File, Format Version 12.00
# Visual Studio Version 16
VisualStudioVersion = 16.0.29001.49
MinimumVisualStudioVersion = 10.0.40219.1
Project("{FAE04EC0-301F-11D3-BF4B-00C04F79EFBC}") = "WMPDiscordRPC", "WMPDiscordRPC\WMPDiscordRPC.csproj", "{B1CB331A-5818-4C3F-BFA4-3A7FAF409527}"
EndProject
Global
	GlobalSection(SolutionConfigurationPlatforms) = preSolution
		Debug|Any CPU = Debug|Any CPU
		Release|Any CPU = Release|Any CPU
	EndGlobalSection
	GlobalSection(ProjectConfigurationPlatforms) = postSolution
		{B1CB331A-5818-4C3F-BFA4-3A7FAF409527}.Debug|Any CPU.ActiveCfg = Debug|Any CPU
		{B1CB331A-5818-4C3F-BFA4-3A7FAF409527}.Debug|Any CPU.Build.0 = Debug|Any CPU
		{B1CB331A-5818-4C3F-BFA4-3A7FAF409527}.Release|Any CPU.ActiveCfg = Release|Any CPU
		{B1CB331A-5818-4C3F-BFA4-3A7FAF409527}.Release|Any CPU.Build.0 = Release|Any CPU
	EndGlobalSection
	GlobalSection(SolutionProperties) = preSolution
		HideSolutionNode = FALSE
	EndGlobalSection
	GlobalSection(ExtensibilityGlobals) = postSolution
		SolutionGuid = {6F2F0192-55C4-4C05-9B50-ACF0A86A727B}
	EndGlobalSection
EndGlobal
